
Microsoft Visual Studio Solution File, Format Version 12.00
# Visual Studio Version 16
VisualStudioVersion = 16.0.29209.62
MinimumVisualStudioVersion = 10.0.40219.1
Project("{FAE04EC0-301F-11D3-BF4B-00C04F79EFBC}") = "WEBAPICORE_2.2_PAGOS", "WEBAPICORE_2.2_PAGOS.csproj", "{E022DBF5-1387-4E7D-946A-B0AF410032AB}"
EndProject
Global
	GlobalSection(SolutionConfigurationPlatforms) = preSolution
		Debug|Any CPU = Debug|Any CPU
		Release|Any CPU = Release|Any CPU
	EndGlobalSection
	GlobalSection(ProjectConfigurationPlatforms) = postSolution
		{E022DBF5-1387-4E7D-946A-B0AF410032AB}.Debug|Any CPU.ActiveCfg = Debug|Any CPU
		{E022DBF5-1387-4E7D-946A-B0AF410032AB}.Debug|Any CPU.Build.0 = Debug|Any CPU
		{E022DBF5-1387-4E7D-946A-B0AF410032AB}.Release|Any CPU.ActiveCfg = Release|Any CPU
		{E022DBF5-1387-4E7D-946A-B0AF410032AB}.Release|Any CPU.Build.0 = Release|Any CPU
	EndGlobalSection
	GlobalSection(SolutionProperties) = preSolution
		HideSolutionNode = FALSE
	EndGlobalSection
	GlobalSection(ExtensibilityGlobals) = postSolution
		SolutionGuid = {F479E948-9E9E-4A73-8E25-F69FB9D73FD2}
	EndGlobalSection
EndGlobal
