
Microsoft Visual Studio Solution File, Format Version 12.00
# Visual Studio Version 16
VisualStudioVersion = 16.0.29209.62
MinimumVisualStudioVersion = 10.0.40219.1
Project("{FAE04EC0-301F-11D3-BF4B-00C04F79EFBC}") = "WEBAPICORE_2.2_USUARIOS", "WEBAPICORE_2.2_USUARIOS.csproj", "{D0DA21C6-4A31-4104-A863-9F2FD01AF76C}"
EndProject
Global
	GlobalSection(SolutionConfigurationPlatforms) = preSolution
		Debug|Any CPU = Debug|Any CPU
		Release|Any CPU = Release|Any CPU
	EndGlobalSection
	GlobalSection(ProjectConfigurationPlatforms) = postSolution
		{D0DA21C6-4A31-4104-A863-9F2FD01AF76C}.Debug|Any CPU.ActiveCfg = Debug|Any CPU
		{D0DA21C6-4A31-4104-A863-9F2FD01AF76C}.Debug|Any CPU.Build.0 = Debug|Any CPU
		{D0DA21C6-4A31-4104-A863-9F2FD01AF76C}.Release|Any CPU.ActiveCfg = Release|Any CPU
		{D0DA21C6-4A31-4104-A863-9F2FD01AF76C}.Release|Any CPU.Build.0 = Release|Any CPU
	EndGlobalSection
	GlobalSection(SolutionProperties) = preSolution
		HideSolutionNode = FALSE
	EndGlobalSection
	GlobalSection(ExtensibilityGlobals) = postSolution
		SolutionGuid = {7A7895B4-B578-4B7F-8188-2203244AAA43}
	EndGlobalSection
EndGlobal
